
Microsoft Visual Studio Solution File, Format Version 12.00
# Visual Studio Version 17
VisualStudioVersion = 17.8.34309.116
MinimumVisualStudioVersion = 10.0.40219.1
Project("{FAE04EC0-301F-11D3-BF4B-00C04F79EFBC}") = "Bolsista", "Bolsista\Bolsista.csproj", "{D9F3E84A-45C7-4CF2-857D-31D93666C924}"
EndProject
Project("{FAE04EC0-301F-11D3-BF4B-00C04F79EFBC}") = "Bolsista.Domain", "Bolsista.Domain\Bolsista.Domain.csproj", "{F377782D-8EF9-4F1B-8EC2-EA147B59B785}"
EndProject
Project("{FAE04EC0-301F-11D3-BF4B-00C04F79EFBC}") = "Bolsista.Infra.Ioc", "Bolsista.Infra.Ioc\Bolsista.Infra.Ioc.csproj", "{9F57ABDD-CCB4-4B58-8FE1-E0FA78EF91BD}"
EndProject
Project("{FAE04EC0-301F-11D3-BF4B-00C04F79EFBC}") = "Bolsista.Infra.Data", "Bolsista.Infra.Data\Bolsista.Infra.Data.csproj", "{BAD655C7-A734-409A-AB14-A7B4D3984620}"
EndProject
Project("{FAE04EC0-301F-11D3-BF4B-00C04F79EFBC}") = "Bolsista.Application", "Bolsista.Application\Bolsista.Application.csproj", "{705E520B-59B8-4315-BF9A-DED058ECE061}"
EndProject
Global
	GlobalSection(SolutionConfigurationPlatforms) = preSolution
		Debug|Any CPU = Debug|Any CPU
		Release|Any CPU = Release|Any CPU
	EndGlobalSection
	GlobalSection(ProjectConfigurationPlatforms) = postSolution
		{D9F3E84A-45C7-4CF2-857D-31D93666C924}.Debug|Any CPU.ActiveCfg = Debug|Any CPU
		{D9F3E84A-45C7-4CF2-857D-31D93666C924}.Debug|Any CPU.Build.0 = Debug|Any CPU
		{D9F3E84A-45C7-4CF2-857D-31D93666C924}.Release|Any CPU.ActiveCfg = Release|Any CPU
		{D9F3E84A-45C7-4CF2-857D-31D93666C924}.Release|Any CPU.Build.0 = Release|Any CPU
		{F377782D-8EF9-4F1B-8EC2-EA147B59B785}.Debug|Any CPU.ActiveCfg = Debug|Any CPU
		{F377782D-8EF9-4F1B-8EC2-EA147B59B785}.Debug|Any CPU.Build.0 = Debug|Any CPU
		{F377782D-8EF9-4F1B-8EC2-EA147B59B785}.Release|Any CPU.ActiveCfg = Release|Any CPU
		{F377782D-8EF9-4F1B-8EC2-EA147B59B785}.Release|Any CPU.Build.0 = Release|Any CPU
		{9F57ABDD-CCB4-4B58-8FE1-E0FA78EF91BD}.Debug|Any CPU.ActiveCfg = Debug|Any CPU
		{9F57ABDD-CCB4-4B58-8FE1-E0FA78EF91BD}.Debug|Any CPU.Build.0 = Debug|Any CPU
		{9F57ABDD-CCB4-4B58-8FE1-E0FA78EF91BD}.Release|Any CPU.ActiveCfg = Release|Any CPU
		{9F57ABDD-CCB4-4B58-8FE1-E0FA78EF91BD}.Release|Any CPU.Build.0 = Release|Any CPU
		{BAD655C7-A734-409A-AB14-A7B4D3984620}.Debug|Any CPU.ActiveCfg = Debug|Any CPU
		{BAD655C7-A734-409A-AB14-A7B4D3984620}.Debug|Any CPU.Build.0 = Debug|Any CPU
		{BAD655C7-A734-409A-AB14-A7B4D3984620}.Release|Any CPU.ActiveCfg = Release|Any CPU
		{BAD655C7-A734-409A-AB14-A7B4D3984620}.Release|Any CPU.Build.0 = Release|Any CPU
		{705E520B-59B8-4315-BF9A-DED058ECE061}.Debug|Any CPU.ActiveCfg = Debug|Any CPU
		{705E520B-59B8-4315-BF9A-DED058ECE061}.Debug|Any CPU.Build.0 = Debug|Any CPU
		{705E520B-59B8-4315-BF9A-DED058ECE061}.Release|Any CPU.ActiveCfg = Release|Any CPU
		{705E520B-59B8-4315-BF9A-DED058ECE061}.Release|Any CPU.Build.0 = Release|Any CPU
	EndGlobalSection
	GlobalSection(SolutionProperties) = preSolution
		HideSolutionNode = FALSE
	EndGlobalSection
	GlobalSection(ExtensibilityGlobals) = postSolution
		SolutionGuid = {824369BC-A1E6-42A0-9AFF-EB7DB1A35425}
	EndGlobalSection
EndGlobal
